PODS:
  - dynamic_chnage_base_url_and_force_update (0.0.1):
    - Flutter
  - Flutter (1.0.0)
  - integration_test (0.0.1):
    - Flutter

DEPENDENCIES:
  - dynamic_chnage_base_url_and_force_update (from `.symlinks/plugins/dynamic_chnage_base_url_and_force_update/ios`)
  - Flutter (from `Flutter`)
  - integration_test (from `.symlinks/plugins/integration_test/ios`)

EXTERNAL SOURCES:
  dynamic_chnage_base_url_and_force_update:
    :path: ".symlinks/plugins/dynamic_chnage_base_url_and_force_update/ios"
  Flutter:
    :path: Flutter
  integration_test:
    :path: ".symlinks/plugins/integration_test/ios"

SPEC CHECKSUMS:
  dynamic_chnage_base_url_and_force_update: 9af5082f033b06d2dede077b362ebefb0ebd81ef
  Flutter: e0871f40cf51350855a761d2e70bf5af5b9b5de7
  integration_test: d5929033778cc4991a187e4e1a85396fa4f59b3a

PODFILE CHECKSUM: 819463e6a0290f5a72f145ba7cde16e8b6ef0796

COCOAPODS: 1.16.2
